
Microsoft Visual Studio Solution File, Format Version 12.00
# Visual Studio Version 17
VisualStudioVersion = 17.4.33205.214
MinimumVisualStudioVersion = 10.0.40219.1
Project("{FAE04EC0-301F-11D3-BF4B-00C04F79EFBC}") = "AppointmentSchedular.Core", "AppointmentSchedular.Core\AppointmentSchedular.Core.csproj", "{B7A677F0-34F0-4CAD-91F3-9839140A7D05}"
EndProject
Project("{FAE04EC0-301F-11D3-BF4B-00C04F79EFBC}") = "AppointmentSchedular.Data", "AppointmentSchedular.Data\AppointmentSchedular.Data.csproj", "{058A7EDB-2E60-4C93-BA28-3F2F1B15D00E}"
EndProject
Project("{FAE04EC0-301F-11D3-BF4B-00C04F79EFBC}") = "AppointmentSchedular.Entity", "AppointmentSchedular.Entity\AppointmentSchedular.Entity.csproj", "{8A89C82A-DAED-4577-A905-4380D832D7C3}"
EndProject
Project("{FAE04EC0-301F-11D3-BF4B-00C04F79EFBC}") = "AppointmentSchedular.MVC", "AppointmentSchedular.MVC\AppointmentSchedular.MVC.csproj", "{DF061076-084A-4703-A168-6F89886CB236}"
EndProject
Project("{FAE04EC0-301F-11D3-BF4B-00C04F79EFBC}") = "AppointmentSchedular.Service", "AppointmentSchedular.Service\AppointmentSchedular.Service.csproj", "{0ED8C87B-45FC-4E8A-B271-0E007D847022}"
EndProject
Global
	GlobalSection(SolutionConfigurationPlatforms) = preSolution
		Debug|Any CPU = Debug|Any CPU
		Release|Any CPU = Release|Any CPU
	EndGlobalSection
	GlobalSection(ProjectConfigurationPlatforms) = postSolution
		{B7A677F0-34F0-4CAD-91F3-9839140A7D05}.Debug|Any CPU.ActiveCfg = Debug|Any CPU
		{B7A677F0-34F0-4CAD-91F3-9839140A7D05}.Debug|Any CPU.Build.0 = Debug|Any CPU
		{B7A677F0-34F0-4CAD-91F3-9839140A7D05}.Release|Any CPU.ActiveCfg = Release|Any CPU
		{B7A677F0-34F0-4CAD-91F3-9839140A7D05}.Release|Any CPU.Build.0 = Release|Any CPU
		{058A7EDB-2E60-4C93-BA28-3F2F1B15D00E}.Debug|Any CPU.ActiveCfg = Debug|Any CPU
		{058A7EDB-2E60-4C93-BA28-3F2F1B15D00E}.Debug|Any CPU.Build.0 = Debug|Any CPU
		{058A7EDB-2E60-4C93-BA28-3F2F1B15D00E}.Release|Any CPU.ActiveCfg = Release|Any CPU
		{058A7EDB-2E60-4C93-BA28-3F2F1B15D00E}.Release|Any CPU.Build.0 = Release|Any CPU
		{8A89C82A-DAED-4577-A905-4380D832D7C3}.Debug|Any CPU.ActiveCfg = Debug|Any CPU
		{8A89C82A-DAED-4577-A905-4380D832D7C3}.Debug|Any CPU.Build.0 = Debug|Any CPU
		{8A89C82A-DAED-4577-A905-4380D832D7C3}.Release|Any CPU.ActiveCfg = Release|Any CPU
		{8A89C82A-DAED-4577-A905-4380D832D7C3}.Release|Any CPU.Build.0 = Release|Any CPU
		{DF061076-084A-4703-A168-6F89886CB236}.Debug|Any CPU.ActiveCfg = Debug|Any CPU
		{DF061076-084A-4703-A168-6F89886CB236}.Debug|Any CPU.Build.0 = Debug|Any CPU
		{DF061076-084A-4703-A168-6F89886CB236}.Release|Any CPU.ActiveCfg = Release|Any CPU
		{DF061076-084A-4703-A168-6F89886CB236}.Release|Any CPU.Build.0 = Release|Any CPU
		{0ED8C87B-45FC-4E8A-B271-0E007D847022}.Debug|Any CPU.ActiveCfg = Debug|Any CPU
		{0ED8C87B-45FC-4E8A-B271-0E007D847022}.Debug|Any CPU.Build.0 = Debug|Any CPU
		{0ED8C87B-45FC-4E8A-B271-0E007D847022}.Release|Any CPU.ActiveCfg = Release|Any CPU
		{0ED8C87B-45FC-4E8A-B271-0E007D847022}.Release|Any CPU.Build.0 = Release|Any CPU
	EndGlobalSection
	GlobalSection(SolutionProperties) = preSolution
		HideSolutionNode = FALSE
	EndGlobalSection
	GlobalSection(ExtensibilityGlobals) = postSolution
		SolutionGuid = {8E975C84-2EFB-4B28-A1F8-447CBFE8F839}
	EndGlobalSection
EndGlobal
